
Microsoft Visual Studio Solution File, Format Version 12.00
# Visual Studio 15
VisualStudioVersion = 15.0.26430.13
MinimumVisualStudioVersion = 10.0.40219.1
Project("{FAE04EC0-301F-11D3-BF4B-00C04F79EFBC}") = "FCT.DataAccess", "FCT.DataAccess\FCT.DataAccess.csproj", "{0562D34F-DBA7-4E1E-8273-F20BF6AA0D9E}"
EndProject
Project("{FAE04EC0-301F-11D3-BF4B-00C04F79EFBC}") = "FCT.Infrastructure", "FCT.Infrastructure\FCT.Infrastructure.csproj", "{CE826573-38F8-43D3-8DD6-40F821FF69F4}"
EndProject
Project("{FAE04EC0-301F-11D3-BF4B-00C04F79EFBC}") = "FCT.App.Console", "FCT.App.Console\FCT.App.Console.csproj", "{7F55FD32-5055-4F33-8C72-F5175E487BB0}"
EndProject
Project("{FAE04EC0-301F-11D3-BF4B-00C04F79EFBC}") = "FCT.DataAccess.UnitTests", "FCT.DataAccess.UnitTests\FCT.DataAccess.UnitTests.csproj", "{8F8BE1A9-69E2-49B2-825B-FFCC21FA233C}"
	ProjectSection(ProjectDependencies) = postProject
		{2320C4DA-16ED-426D-85D6-109B43B97BE6} = {2320C4DA-16ED-426D-85D6-109B43B97BE6}
	EndProjectSection
EndProject
Project("{FAE04EC0-301F-11D3-BF4B-00C04F79EFBC}") = "FCT.Control", "FCT.Control\FCT.Control.csproj", "{2320C4DA-16ED-426D-85D6-109B43B97BE6}"
EndProject
Project("{FAE04EC0-301F-11D3-BF4B-00C04F79EFBC}") = "FCT.Bootstrapper", "FCT.Bootstrapper\FCT.Bootstrapper.csproj", "{7B3F1D1A-2813-484A-8BAE-2EA068C1B28D}"
EndProject
Project("{FAE04EC0-301F-11D3-BF4B-00C04F79EFBC}") = "FCT.Control.UnitTests", "FCT.Control.UnitTests\FCT.Control.UnitTests.csproj", "{BD553416-43EB-4814-8456-2AF5291949D9}"
EndProject
Project("{FAE04EC0-301F-11D3-BF4B-00C04F79EFBC}") = "FCT.App.Window", "FCT.App.Window\FCT.App.Window.csproj", "{EE14E847-B5E0-46E4-A43B-8A3A15B91465}"
EndProject
Project("{FAE04EC0-301F-11D3-BF4B-00C04F79EFBC}") = "FCT.WindowControls", "FCT.WindowControls\FCT.WindowControls.csproj", "{C3493AE9-3EFB-4493-AADE-10C2E4747CED}"
EndProject
Global
	GlobalSection(SolutionConfigurationPlatforms) = preSolution
		Debug|Any CPU = Debug|Any CPU
		Release|Any CPU = Release|Any CPU
	EndGlobalSection
	GlobalSection(ProjectConfigurationPlatforms) = postSolution
		{0562D34F-DBA7-4E1E-8273-F20BF6AA0D9E}.Debug|Any CPU.ActiveCfg = Debug|Any CPU
		{0562D34F-DBA7-4E1E-8273-F20BF6AA0D9E}.Debug|Any CPU.Build.0 = Debug|Any CPU
		{0562D34F-DBA7-4E1E-8273-F20BF6AA0D9E}.Release|Any CPU.ActiveCfg = Release|Any CPU
		{0562D34F-DBA7-4E1E-8273-F20BF6AA0D9E}.Release|Any CPU.Build.0 = Release|Any CPU
		{CE826573-38F8-43D3-8DD6-40F821FF69F4}.Debug|Any CPU.ActiveCfg = Debug|Any CPU
		{CE826573-38F8-43D3-8DD6-40F821FF69F4}.Debug|Any CPU.Build.0 = Debug|Any CPU
		{CE826573-38F8-43D3-8DD6-40F821FF69F4}.Release|Any CPU.ActiveCfg = Release|Any CPU
		{CE826573-38F8-43D3-8DD6-40F821FF69F4}.Release|Any CPU.Build.0 = Release|Any CPU
		{7F55FD32-5055-4F33-8C72-F5175E487BB0}.Debug|Any CPU.ActiveCfg = Debug|Any CPU
		{7F55FD32-5055-4F33-8C72-F5175E487BB0}.Debug|Any CPU.Build.0 = Debug|Any CPU
		{7F55FD32-5055-4F33-8C72-F5175E487BB0}.Release|Any CPU.ActiveCfg = Release|Any CPU
		{7F55FD32-5055-4F33-8C72-F5175E487BB0}.Release|Any CPU.Build.0 = Release|Any CPU
		{8F8BE1A9-69E2-49B2-825B-FFCC21FA233C}.Debug|Any CPU.ActiveCfg = Debug|Any CPU
		{8F8BE1A9-69E2-49B2-825B-FFCC21FA233C}.Debug|Any CPU.Build.0 = Debug|Any CPU
		{8F8BE1A9-69E2-49B2-825B-FFCC21FA233C}.Release|Any CPU.ActiveCfg = Release|Any CPU
		{8F8BE1A9-69E2-49B2-825B-FFCC21FA233C}.Release|Any CPU.Build.0 = Release|Any CPU
		{2320C4DA-16ED-426D-85D6-109B43B97BE6}.Debug|Any CPU.ActiveCfg = Debug|Any CPU
		{2320C4DA-16ED-426D-85D6-109B43B97BE6}.Debug|Any CPU.Build.0 = Debug|Any CPU
		{2320C4DA-16ED-426D-85D6-109B43B97BE6}.Release|Any CPU.ActiveCfg = Release|Any CPU
		{2320C4DA-16ED-426D-85D6-109B43B97BE6}.Release|Any CPU.Build.0 = Release|Any CPU
		{7B3F1D1A-2813-484A-8BAE-2EA068C1B28D}.Debug|Any CPU.ActiveCfg = Debug|Any CPU
		{7B3F1D1A-2813-484A-8BAE-2EA068C1B28D}.Debug|Any CPU.Build.0 = Debug|Any CPU
		{7B3F1D1A-2813-484A-8BAE-2EA068C1B28D}.Release|Any CPU.ActiveCfg = Release|Any CPU
		{7B3F1D1A-2813-484A-8BAE-2EA068C1B28D}.Release|Any CPU.Build.0 = Release|Any CPU
		{BD553416-43EB-4814-8456-2AF5291949D9}.Debug|Any CPU.ActiveCfg = Debug|Any CPU
		{BD553416-43EB-4814-8456-2AF5291949D9}.Debug|Any CPU.Build.0 = Debug|Any CPU
		{BD553416-43EB-4814-8456-2AF5291949D9}.Release|Any CPU.ActiveCfg = Release|Any CPU
		{BD553416-43EB-4814-8456-2AF5291949D9}.Release|Any CPU.Build.0 = Release|Any CPU
		{EE14E847-B5E0-46E4-A43B-8A3A15B91465}.Debug|Any CPU.ActiveCfg = Debug|Any CPU
		{EE14E847-B5E0-46E4-A43B-8A3A15B91465}.Debug|Any CPU.Build.0 = Debug|Any CPU
		{EE14E847-B5E0-46E4-A43B-8A3A15B91465}.Release|Any CPU.ActiveCfg = Release|Any CPU
		{EE14E847-B5E0-46E4-A43B-8A3A15B91465}.Release|Any CPU.Build.0 = Release|Any CPU
		{C3493AE9-3EFB-4493-AADE-10C2E4747CED}.Debug|Any CPU.ActiveCfg = Debug|Any CPU
		{C3493AE9-3EFB-4493-AADE-10C2E4747CED}.Debug|Any CPU.Build.0 = Debug|Any CPU
		{C3493AE9-3EFB-4493-AADE-10C2E4747CED}.Release|Any CPU.ActiveCfg = Release|Any CPU
		{C3493AE9-3EFB-4493-AADE-10C2E4747CED}.Release|Any CPU.Build.0 = Release|Any CPU
	EndGlobalSection
	GlobalSection(SolutionProperties) = preSolution
		HideSolutionNode = FALSE
	EndGlobalSection
EndGlobal
